
Microsoft Visual Studio Solution File, Format Version 12.00
# Visual Studio Version 17
VisualStudioVersion = 17.6.33829.357
MinimumVisualStudioVersion = 10.0.40219.1
Project("{FAE04EC0-301F-11D3-BF4B-00C04F79EFBC}") = "MP DOWNLOADS", "MP DOWNLOADS\MP DOWNLOADS.csproj", "{6CABF13B-6D09-4E8A-9E21-67D132ED2199}"
EndProject
Global
	GlobalSection(SolutionConfigurationPlatforms) = preSolution
		Debug|Any CPU = Debug|Any CPU
		Release|Any CPU = Release|Any CPU
	EndGlobalSection
	GlobalSection(ProjectConfigurationPlatforms) = postSolution
		{6CABF13B-6D09-4E8A-9E21-67D132ED2199}.Debug|Any CPU.ActiveCfg = Debug|Any CPU
		{6CABF13B-6D09-4E8A-9E21-67D132ED2199}.Debug|Any CPU.Build.0 = Debug|Any CPU
		{6CABF13B-6D09-4E8A-9E21-67D132ED2199}.Release|Any CPU.ActiveCfg = Release|Any CPU
		{6CABF13B-6D09-4E8A-9E21-67D132ED2199}.Release|Any CPU.Build.0 = Release|Any CPU
	EndGlobalSection
	GlobalSection(SolutionProperties) = preSolution
		HideSolutionNode = FALSE
	EndGlobalSection
	GlobalSection(ExtensibilityGlobals) = postSolution
		SolutionGuid = {F2D8785C-AF05-466A-9749-12E8FDDDC62B}
	EndGlobalSection
EndGlobal
